// !$*UTF8*$!
{
	archiveVersion = 1;
	classes = {
	};
	objectVersion = 56;
	objects = {

/* Begin PBXBuildFile section */
		2BD3420D2AB98B0C00D77055 /* AppDelegate.m in Sources */ = {isa = PBXBuildFile; fileRef = 2BD3420C2AB98B0C00D77055 /* AppDelegate.m */; };
		2BD342132AB98B0C00D77055 /* ViewController.m in Sources */ = {isa = PBXBuildFile; fileRef = 2BD342122AB98B0C00D77055 /* ViewController.m */; };
		2BD342162AB98B0C00D77055 /* Main.storyboard in Resources */ = {isa = PBXBuildFile; fileRef = 2BD342142AB98B0C00D77055 /* Main.storyboard */; };
		2BD342182AB98B0D00D77055 /* Assets.xcassets in Resources */ = {isa = PBXBuildFile; fileRef = 2BD342172AB98B0D00D77055 /* Assets.xcassets */; };
		2BD3421B2AB98B0D00D77055 /* LaunchScreen.storyboard in Resources */ = {isa = PBXBuildFile; fileRef = 2BD342192AB98B0D00D77055 /* LaunchScreen.storyboard */; };
		2BD3421E2AB98B0D00D77055 /* main.m in Sources */ = {isa = PBXBuildFile; fileRef = 2BD3421D2AB98B0D00D77055 /* main.m */; };
		2BD343EF2AB9907500D77055 /* DYVideoPlayer.m in Sources */ = {isa = PBXBuildFile; fileRef = 2BD343EE2AB9907500D77055 /* DYVideoPlayer.m */; };
		2BD343F32AB990EF00D77055 /* DYVideoPlayerController.m in Sources */ = {isa = PBXBuildFile; fileRef = 2BD343F22AB990EF00D77055 /* DYVideoPlayerController.m */; };
		2BD343F62AB9973900D77055 /* UIImage+DYIDou.m in Sources */ = {isa = PBXBuildFile; fileRef = 2BD343F52AB9973900D77055 /* UIImage+DYIDou.m */; };
		2BD343FB2AB99A6400D77055 /* DYHelper.m in Sources */ = {isa = PBXBuildFile; fileRef = 2BD343FA2AB99A6400D77055 /* DYHelper.m */; };
		2BD343FE2AB99D4000D77055 /* UIView+DYIDou.m in Sources */ = {isa = PBXBuildFile; fileRef = 2BD343FD2AB99D4000D77055 /* UIView+DYIDou.m */; };
		2BD3440D2AB9C4FA00D77055 /* DYLikeView.m in Sources */ = {isa = PBXBuildFile; fileRef = 2BD3440C2AB9C4FA00D77055 /* DYLikeView.m */; };
		2BD344112ABC3C8E00D77055 /* DYMusicAlbumView.m in Sources */ = {isa = PBXBuildFile; fileRef = 2BD344102ABC3C8E00D77055 /* DYMusicAlbumView.m */; };
		939A789886BED2E74DC047E5 /* libPods-DYIDou.a in Frameworks */ = {isa = PBXBuildFile; fileRef = BF995A469AAF129F8D0FFF1F /* libPods-DYIDou.a */; };
/* End PBXBuildFile section */

/* Begin PBXFileReference section */
		2BD342082AB98B0C00D77055 /* DYIDou.app */ = {isa = PBXFileReference; explicitFileType = wrapper.application; includeInIndex = 0; path = DYIDou.app; sourceTree = BUILT_PRODUCTS_DIR; };
		2BD3420B2AB98B0C00D77055 /* AppDelegate.h */ = {isa = PBXFileReference; lastKnownFileType = sourcecode.c.h; path = AppDelegate.h; sourceTree = "<group>"; };
		2BD3420C2AB98B0C00D77055 /* AppDelegate.m */ = {isa = PBXFileReference; lastKnownFileType = sourcecode.c.objc; path = AppDelegate.m; sourceTree = "<group>"; };
		2BD342112AB98B0C00D77055 /* ViewController.h */ = {isa = PBXFileReference; lastKnownFileType = sourcecode.c.h; path = ViewController.h; sourceTree = "<group>"; };
		2BD342122AB98B0C00D77055 /* ViewController.m */ = {isa = PBXFileReference; lastKnownFileType = sourcecode.c.objc; path = ViewController.m; sourceTree = "<group>"; };
		2BD342152AB98B0C00D77055 /* Base */ = {isa = PBXFileReference; lastKnownFileType = file.storyboard; name = Base; path = Base.lproj/Main.storyboard; sourceTree = "<group>"; };
		2BD342172AB98B0D00D77055 /* Assets.xcassets */ = {isa = PBXFileReference; lastKnownFileType = folder.assetcatalog; path = Assets.xcassets; sourceTree = "<group>"; };
		2BD3421A2AB98B0D00D77055 /* Base */ = {isa = PBXFileReference; lastKnownFileType = file.storyboard; name = Base; path = Base.lproj/LaunchScreen.storyboard; sourceTree = "<group>"; };
		2BD3421C2AB98B0D00D77055 /* Info.plist */ = {isa = PBXFileReference; lastKnownFileType = text.plist.xml; path = Info.plist; sourceTree = "<group>"; };
		2BD3421D2AB98B0D00D77055 /* main.m */ = {isa = PBXFileReference; lastKnownFileType = sourcecode.c.objc; path = main.m; sourceTree = "<group>"; };
		2BD343ED2AB9907500D77055 /* DYVideoPlayer.h */ = {isa = PBXFileReference; lastKnownFileType = sourcecode.c.h; path = DYVideoPlayer.h; sourceTree = "<group>"; };
		2BD343EE2AB9907500D77055 /* DYVideoPlayer.m */ = {isa = PBXFileReference; lastKnownFileType = sourcecode.c.objc; path = DYVideoPlayer.m; sourceTree = "<group>"; };
		2BD343F02AB990C200D77055 /* DYPlayerConfig.h */ = {isa = PBXFileReference; lastKnownFileType = sourcecode.c.h; path = DYPlayerConfig.h; sourceTree = "<group>"; };
		2BD343F12AB990EF00D77055 /* DYVideoPlayerController.h */ = {isa = PBXFileReference; lastKnownFileType = sourcecode.c.h; path = DYVideoPlayerController.h; sourceTree = "<group>"; };
		2BD343F22AB990EF00D77055 /* DYVideoPlayerController.m */ = {isa = PBXFileReference; lastKnownFileType = sourcecode.c.objc; path = DYVideoPlayerController.m; sourceTree = "<group>"; };
		2BD343F42AB9973900D77055 /* UIImage+DYIDou.h */ = {isa = PBXFileReference; lastKnownFileType = sourcecode.c.h; path = "UIImage+DYIDou.h"; sourceTree = "<group>"; };
		2BD343F52AB9973900D77055 /* UIImage+DYIDou.m */ = {isa = PBXFileReference; lastKnownFileType = sourcecode.c.objc; path = "UIImage+DYIDou.m"; sourceTree = "<group>"; };
		2BD343F92AB99A6400D77055 /* DYHelper.h */ = {isa = PBXFileReference; lastKnownFileType = sourcecode.c.h; path = DYHelper.h; sourceTree = "<group>"; };
		2BD343FA2AB99A6400D77055 /* DYHelper.m */ = {isa = PBXFileReference; lastKnownFileType = sourcecode.c.objc; path = DYHelper.m; sourceTree = "<group>"; };
		2BD343FC2AB99D4000D77055 /* UIView+DYIDou.h */ = {isa = PBXFileReference; lastKnownFileType = sourcecode.c.h; path = "UIView+DYIDou.h"; sourceTree = "<group>"; };
		2BD343FD2AB99D4000D77055 /* UIView+DYIDou.m */ = {isa = PBXFileReference; lastKnownFileType = sourcecode.c.objc; path = "UIView+DYIDou.m"; sourceTree = "<group>"; };
		2BD3440B2AB9C4FA00D77055 /* DYLikeView.h */ = {isa = PBXFileReference; lastKnownFileType = sourcecode.c.h; path = DYLikeView.h; sourceTree = "<group>"; };
		2BD3440C2AB9C4FA00D77055 /* DYLikeView.m */ = {isa = PBXFileReference; lastKnownFileType = sourcecode.c.objc; path = DYLikeView.m; sourceTree = "<group>"; };
		2BD3440F2ABC3C8E00D77055 /* DYMusicAlbumView.h */ = {isa = PBXFileReference; lastKnownFileType = sourcecode.c.h; path = DYMusicAlbumView.h; sourceTree = "<group>"; };
		2BD344102ABC3C8E00D77055 /* DYMusicAlbumView.m */ = {isa = PBXFileReference; lastKnownFileType = sourcecode.c.objc; path = DYMusicAlbumView.m; sourceTree = "<group>"; };
		A402A9AFEDD44D91EE54EABA /* Pods-DYIDou.release.xcconfig */ = {isa = PBXFileReference; includeInIndex = 1; lastKnownFileType = text.xcconfig; name = "Pods-DYIDou.release.xcconfig"; path = "Target Support Files/Pods-DYIDou/Pods-DYIDou.release.xcconfig"; sourceTree = "<group>"; };
		BF995A469AAF129F8D0FFF1F /* libPods-DYIDou.a */ = {isa = PBXFileReference; explicitFileType = archive.ar; includeInIndex = 0; path = "libPods-DYIDou.a"; sourceTree = BUILT_PRODUCTS_DIR; };
		E1D486EB3AA9C6FDBD3150C8 /* Pods-DYIDou.debug.xcconfig */ = {isa = PBXFileReference; includeInIndex = 1; lastKnownFileType = text.xcconfig; name = "Pods-DYIDou.debug.xcconfig"; path = "Target Support Files/Pods-DYIDou/Pods-DYIDou.debug.xcconfig"; sourceTree = "<group>"; };
/* End PBXFileReference section */

/* Begin PBXFrameworksBuildPhase section */
		2BD342052AB98B0C00D77055 /* Frameworks */ = {
			isa = PBXFrameworksBuildPhase;
			buildActionMask = 2147483647;
			files = (
				939A789886BED2E74DC047E5 /* libPods-DYIDou.a in Frameworks */,
			);
			runOnlyForDeploymentPostprocessing = 0;
		};
/* End PBXFrameworksBuildPhase section */

/* Begin PBXGroup section */
		2BD341FF2AB98B0C00D77055 = {
			isa = PBXGroup;
			children = (
				2BD3420A2AB98B0C00D77055 /* DYIDou */,
				2BD342092AB98B0C00D77055 /* Products */,
				A1509225DD629A834324CE77 /* Pods */,
				6AD3A41BE446BB77B053A5BF /* Frameworks */,
			);
			sourceTree = "<group>";
		};
		2BD342092AB98B0C00D77055 /* Products */ = {
			isa = PBXGroup;
			children = (
				2BD342082AB98B0C00D77055 /* DYIDou.app */,
			);
			name = Products;
			sourceTree = "<group>";
		};
		2BD3420A2AB98B0C00D77055 /* DYIDou */ = {
			isa = PBXGroup;
			children = (
				2BD3420B2AB98B0C00D77055 /* AppDelegate.h */,
				2BD3420C2AB98B0C00D77055 /* AppDelegate.m */,
				2BD342112AB98B0C00D77055 /* ViewController.h */,
				2BD342122AB98B0C00D77055 /* ViewController.m */,
				2BD3440A2AB9C4CB00D77055 /* DYVideoLike */,
				2BD3440E2ABC3C5F00D77055 /* DYMusicAlbum */,
				2BD343F72AB9974F00D77055 /* DYBaseKit */,
				2BD343EC2AB9905200D77055 /* DYVideoPlayer */,
				2BD342142AB98B0C00D77055 /* Main.storyboard */,
				2BD342172AB98B0D00D77055 /* Assets.xcassets */,
				2BD342192AB98B0D00D77055 /* LaunchScreen.storyboard */,
				2BD3421C2AB98B0D00D77055 /* Info.plist */,
				2BD3421D2AB98B0D00D77055 /* main.m */,
			);
			path = DYIDou;
			sourceTree = "<group>";
		};
		2BD343EC2AB9905200D77055 /* DYVideoPlayer */ = {
			isa = PBXGroup;
			children = (
				2BD343ED2AB9907500D77055 /* DYVideoPlayer.h */,
				2BD343EE2AB9907500D77055 /* DYVideoPlayer.m */,
				2BD343F12AB990EF00D77055 /* DYVideoPlayerController.h */,
				2BD343F22AB990EF00D77055 /* DYVideoPlayerController.m */,
				2BD343F02AB990C200D77055 /* DYPlayerConfig.h */,
			);
			path = DYVideoPlayer;
			sourceTree = "<group>";
		};
		2BD343F72AB9974F00D77055 /* DYBaseKit */ = {
			isa = PBXGroup;
			children = (
				2BD343F42AB9973900D77055 /* UIImage+DYIDou.h */,
				2BD343F52AB9973900D77055 /* UIImage+DYIDou.m */,
				2BD343F92AB99A6400D77055 /* DYHelper.h */,
				2BD343FA2AB99A6400D77055 /* DYHelper.m */,
				2BD343FC2AB99D4000D77055 /* UIView+DYIDou.h */,
				2BD343FD2AB99D4000D77055 /* UIView+DYIDou.m */,
			);
			path = DYBaseKit;
			sourceTree = "<group>";
		};
		2BD3440A2AB9C4CB00D77055 /* DYVideoLike */ = {
			isa = PBXGroup;
			children = (
				2BD3440B2AB9C4FA00D77055 /* DYLikeView.h */,
				2BD3440C2AB9C4FA00D77055 /* DYLikeView.m */,
			);
			path = DYVideoLike;
			sourceTree = "<group>";
		};
		2BD3440E2ABC3C5F00D77055 /* DYMusicAlbum */ = {
			isa = PBXGroup;
			children = (
				2BD3440F2ABC3C8E00D77055 /* DYMusicAlbumView.h */,
				2BD344102ABC3C8E00D77055 /* DYMusicAlbumView.m */,
			);
			path = DYMusicAlbum;
			sourceTree = "<group>";
		};
		6AD3A41BE446BB77B053A5BF /* Frameworks */ = {
			isa = PBXGroup;
			children = (
				BF995A469AAF129F8D0FFF1F /* libPods-DYIDou.a */,
			);
			name = Frameworks;
			sourceTree = "<group>";
		};
		A1509225DD629A834324CE77 /* Pods */ = {
			isa = PBXGroup;
			children = (
				E1D486EB3AA9C6FDBD3150C8 /* Pods-DYIDou.debug.xcconfig */,
				A402A9AFEDD44D91EE54EABA /* Pods-DYIDou.release.xcconfig */,
			);
			path = Pods;
			sourceTree = "<group>";
		};
/* End PBXGroup section */

/* Begin PBXNativeTarget section */
		2BD342072AB98B0C00D77055 /* DYIDou */ = {
			isa = PBXNativeTarget;
			buildConfigurationList = 2BD342212AB98B0D00D77055 /* Build configuration list for PBXNativeTarget "DYIDou" */;
			buildPhases = (
				6F6FED2561421DDEDBEB2AA2 /* [CP] Check Pods Manifest.lock */,
				2BD342042AB98B0C00D77055 /* Sources */,
				2BD342052AB98B0C00D77055 /* Frameworks */,
				2BD342062AB98B0C00D77055 /* Resources */,
			);
			buildRules = (
			);
			dependencies = (
			);
			name = DYIDou;
			productName = DYIDou;
			productReference = 2BD342082AB98B0C00D77055 /* DYIDou.app */;
			productType = "com.apple.product-type.application";
		};
/* End PBXNativeTarget section */

/* Begin PBXProject section */
		2BD342002AB98B0C00D77055 /* Project object */ = {
			isa = PBXProject;
			attributes = {
				BuildIndependentTargetsInParallel = 1;
				LastUpgradeCheck = 1430;
				TargetAttributes = {
					2BD342072AB98B0C00D77055 = {
						CreatedOnToolsVersion = 14.3.1;
					};
				};
			};
			buildConfigurationList = 2BD342032AB98B0C00D77055 /* Build configuration list for PBXProject "DYIDou" */;
			compatibilityVersion = "Xcode 14.0";
			developmentRegion = en;
			hasScannedForEncodings = 0;
			knownRegions = (
				en,
				Base,
			);
			mainGroup = 2BD341FF2AB98B0C00D77055;
			productRefGroup = 2BD342092AB98B0C00D77055 /* Products */;
			projectDirPath = "";
			projectRoot = "";
			targets = (
				2BD342072AB98B0C00D77055 /* DYIDou */,
			);
		};
/* End PBXProject section */

/* Begin PBXResourcesBuildPhase section */
		2BD342062AB98B0C00D77055 /* Resources */ = {
			isa = PBXResourcesBuildPhase;
			buildActionMask = 2147483647;
			files = (
				2BD3421B2AB98B0D00D77055 /* LaunchScreen.storyboard in Resources */,
				2BD342182AB98B0D00D77055 /* Assets.xcassets in Resources */,
				2BD342162AB98B0C00D77055 /* Main.storyboard in Resources */,
			);
			runOnlyForDeploymentPostprocessing = 0;
		};
/* End PBXResourcesBuildPhase section */

/* Begin PBXShellScriptBuildPhase section */
		6F6FED2561421DDEDBEB2AA2 /* [CP] Check Pods Manifest.lock */ = {
			isa = PBXShellScriptBuildPhase;
			buildActionMask = 2147483647;
			files = (
			);
			inputFileListPaths = (
			);
			inputPaths = (
				"${PODS_PODFILE_DIR_PATH}/Podfile.lock",
				"${PODS_ROOT}/Manifest.lock",
			);
			name = "[CP] Check Pods Manifest.lock";
			outputFileListPaths = (
			);
			outputPaths = (
				"$(DERIVED_FILE_DIR)/Pods-DYIDou-checkManifestLockResult.txt",
			);
			runOnlyForDeploymentPostprocessing = 0;
			shellPath = /bin/sh;
			shellScript = "diff \"${PODS_PODFILE_DIR_PATH}/Podfile.lock\" \"${PODS_ROOT}/Manifest.lock\" > /dev/null\nif [ $? != 0 ] ; then\n    # print error to STDERR\n    echo \"error: The sandbox is not in sync with the Podfile.lock. Run 'pod install' or update your CocoaPods installation.\" >&2\n    exit 1\nfi\n# This output is used by Xcode 'outputs' to avoid re-running this script phase.\necho \"SUCCESS\" > \"${SCRIPT_OUTPUT_FILE_0}\"\n";
			showEnvVarsInLog = 0;
		};
/* End PBXShellScriptBuildPhase section */

/* Begin PBXSourcesBuildPhase section */
		2BD342042AB98B0C00D77055 /* Sources */ = {
			isa = PBXSourcesBuildPhase;
			buildActionMask = 2147483647;
			files = (
				2BD342132AB98B0C00D77055 /* ViewController.m in Sources */,
				2BD343F32AB990EF00D77055 /* DYVideoPlayerController.m in Sources */,
				2BD3420D2AB98B0C00D77055 /* AppDelegate.m in Sources */,
				2BD3421E2AB98B0D00D77055 /* main.m in Sources */,
				2BD3440D2AB9C4FA00D77055 /* DYLikeView.m in Sources */,
				2BD343FE2AB99D4000D77055 /* UIView+DYIDou.m in Sources */,
				2BD343EF2AB9907500D77055 /* DYVideoPlayer.m in Sources */,
				2BD343F62AB9973900D77055 /* UIImage+DYIDou.m in Sources */,
				2BD343FB2AB99A6400D77055 /* DYHelper.m in Sources */,
				2BD344112ABC3C8E00D77055 /* DYMusicAlbumView.m in Sources */,
			);
			runOnlyForDeploymentPostprocessing = 0;
		};
/* End PBXSourcesBuildPhase section */

/* Begin PBXVariantGroup section */
		2BD342142AB98B0C00D77055 /* Main.storyboard */ = {
			isa = PBXVariantGroup;
			children = (
				2BD342152AB98B0C00D77055 /* Base */,
			);
			name = Main.storyboard;
			sourceTree = "<group>";
		};
		2BD342192AB98B0D00D77055 /* LaunchScreen.storyboard */ = {
			isa = PBXVariantGroup;
			children = (
				2BD3421A2AB98B0D00D77055 /* Base */,
			);
			name = LaunchScreen.storyboard;
			sourceTree = "<group>";
		};
/* End PBXVariantGroup section */

/* Begin XCBuildConfiguration section */
		2BD3421F2AB98B0D00D77055 /* Debug */ = {
			isa = XCBuildConfiguration;
			buildSettings = {
				ALWAYS_SEARCH_USER_PATHS = NO;
				CLANG_ANALYZER_NONNULL = YES;
				CLANG_ANALYZER_NUMBER_OBJECT_CONVERSION = YES_AGGRESSIVE;
				CLANG_CXX_LANGUAGE_STANDARD = "gnu++20";
				CLANG_ENABLE_MODULES = YES;
				CLANG_ENABLE_OBJC_ARC = YES;
				CLANG_ENABLE_OBJC_WEAK = YES;
				CLANG_WARN_BLOCK_CAPTURE_AUTORELEASING = YES;
				CLANG_WARN_BOOL_CONVERSION = YES;
				CLANG_WARN_COMMA = YES;
				CLANG_WARN_CONSTANT_CONVERSION = YES;
				CLANG_WARN_DEPRECATED_OBJC_IMPLEMENTATIONS = YES;
				CLANG_WARN_DIRECT_OBJC_ISA_USAGE = YES_ERROR;
				CLANG_WARN_DOCUMENTATION_COMMENTS = YES;
				CLANG_WARN_EMPTY_BODY = YES;
				CLANG_WARN_ENUM_CONVERSION = YES;
				CLANG_WARN_INFINITE_RECURSION = YES;
				CLANG_WARN_INT_CONVERSION = YES;
				CLANG_WARN_NON_LITERAL_NULL_CONVERSION = YES;
				CLANG_WARN_OBJC_IMPLICIT_RETAIN_SELF = YES;
				CLANG_WARN_OBJC_LITERAL_CONVERSION = YES;
				CLANG_WARN_OBJC_ROOT_CLASS = YES_ERROR;
				CLANG_WARN_QUOTED_INCLUDE_IN_FRAMEWORK_HEADER = YES;
				CLANG_WARN_RANGE_LOOP_ANALYSIS = YES;
				CLANG_WARN_STRICT_PROTOTYPES = YES;
				CLANG_WARN_SUSPICIOUS_MOVE = YES;
				CLANG_WARN_UNGUARDED_AVAILABILITY = YES_AGGRESSIVE;
				CLANG_WARN_UNREACHABLE_CODE = YES;
				CLANG_WARN__DUPLICATE_METHOD_MATCH = YES;
				COPY_PHASE_STRIP = NO;
				DEBUG_INFORMATION_FORMAT = dwarf;
				ENABLE_STRICT_OBJC_MSGSEND = YES;
				ENABLE_TESTABILITY = YES;
				GCC_C_LANGUAGE_STANDARD = gnu11;
				GCC_DYNAMIC_NO_PIC = NO;
				GCC_NO_COMMON_BLOCKS = YES;
				GCC_OPTIMIZATION_LEVEL = 0;
				GCC_PREPROCESSOR_DEFINITIONS = (
					"DEBUG=1",
					"$(inherited)",
				);
				GCC_WARN_64_TO_32_BIT_CONVERSION = YES;
				GCC_WARN_ABOUT_RETURN_TYPE = YES_ERROR;
				GCC_WARN_UNDECLARED_SELECTOR = YES;
				GCC_WARN_UNINITIALIZED_AUTOS = YES_AGGRESSIVE;
				GCC_WARN_UNUSED_FUNCTION = YES;
				GCC_WARN_UNUSED_VARIABLE = YES;
				IPHONEOS_DEPLOYMENT_TARGET = 16.4;
				MTL_ENABLE_DEBUG_INFO = INCLUDE_SOURCE;
				MTL_FAST_MATH = YES;
				ONLY_ACTIVE_ARCH = YES;
				SDKROOT = iphoneos;
			};
			name = Debug;
		};
		2BD342202AB98B0D00D77055 /* Release */ = {
			isa = XCBuildConfiguration;
			buildSettings = {
				ALWAYS_SEARCH_USER_PATHS = NO;
				CLANG_ANALYZER_NONNULL = YES;
				CLANG_ANALYZER_NUMBER_OBJECT_CONVERSION = YES_AGGRESSIVE;
				CLANG_CXX_LANGUAGE_STANDARD = "gnu++20";
				CLANG_ENABLE_MODULES = YES;
				CLANG_ENABLE_OBJC_ARC = YES;
				CLANG_ENABLE_OBJC_WEAK = YES;
				CLANG_WARN_BLOCK_CAPTURE_AUTORELEASING = YES;
				CLANG_WARN_BOOL_CONVERSION = YES;
				CLANG_WARN_COMMA = YES;
				CLANG_WARN_CONSTANT_CONVERSION = YES;
				CLANG_WARN_DEPRECATED_OBJC_IMPLEMENTATIONS = YES;
				CLANG_WARN_DIRECT_OBJC_ISA_USAGE = YES_ERROR;
				CLANG_WARN_DOCUMENTATION_COMMENTS = YES;
				CLANG_WARN_EMPTY_BODY = YES;
				CLANG_WARN_ENUM_CONVERSION = YES;
				CLANG_WARN_INFINITE_RECURSION = YES;
				CLANG_WARN_INT_CONVERSION = YES;
				CLANG_WARN_NON_LITERAL_NULL_CONVERSION = YES;
				CLANG_WARN_OBJC_IMPLICIT_RETAIN_SELF = YES;
				CLANG_WARN_OBJC_LITERAL_CONVERSION = YES;
				CLANG_WARN_OBJC_ROOT_CLASS = YES_ERROR;
				CLANG_WARN_QUOTED_INCLUDE_IN_FRAMEWORK_HEADER = YES;
				CLANG_WARN_RANGE_LOOP_ANALYSIS = YES;
				CLANG_WARN_STRICT_PROTOTYPES = YES;
				CLANG_WARN_SUSPICIOUS_MOVE = YES;
				CLANG_WARN_UNGUARDED_AVAILABILITY = YES_AGGRESSIVE;
				CLANG_WARN_UNREACHABLE_CODE = YES;
				CLANG_WARN__DUPLICATE_METHOD_MATCH = YES;
				COPY_PHASE_STRIP = NO;
				DEBUG_INFORMATION_FORMAT = "dwarf-with-dsym";
				ENABLE_NS_ASSERTIONS = NO;
				ENABLE_STRICT_OBJC_MSGSEND = YES;
				GCC_C_LANGUAGE_STANDARD = gnu11;
				GCC_NO_COMMON_BLOCKS = YES;
				GCC_WARN_64_TO_32_BIT_CONVERSION = YES;
				GCC_WARN_ABOUT_RETURN_TYPE = YES_ERROR;
				GCC_WARN_UNDECLARED_SELECTOR = YES;
				GCC_WARN_UNINITIALIZED_AUTOS = YES_AGGRESSIVE;
				GCC_WARN_UNUSED_FUNCTION = YES;
				GCC_WARN_UNUSED_VARIABLE = YES;
				IPHONEOS_DEPLOYMENT_TARGET = 16.4;
				MTL_ENABLE_DEBUG_INFO = NO;
				MTL_FAST_MATH = YES;
				SDKROOT = iphoneos;
				VALIDATE_PRODUCT = YES;
			};
			name = Release;
		};
		2BD342222AB98B0D00D77055 /* Debug */ = {
			isa = XCBuildConfiguration;
			baseConfigurationReference = E1D486EB3AA9C6FDBD3150C8 /* Pods-DYIDou.debug.xcconfig */;
			buildSettings = {
				ASSETCATALOG_COMPILER_APPICON_NAME = AppIcon;
				ASSETCATALOG_COMPILER_GLOBAL_ACCENT_COLOR_NAME = AccentColor;
				"CODE_SIGN_IDENTITY[sdk=iphoneos*]" = "iPhone Developer";
				CODE_SIGN_STYLE = Manual;
				CURRENT_PROJECT_VERSION = 1;
				DEVELOPMENT_TEAM = "";
				"DEVELOPMENT_TEAM[sdk=iphoneos*]" = 3S55929FM5;
				GENERATE_INFOPLIST_FILE = YES;
				INFOPLIST_FILE = DYIDou/Info.plist;
				INFOPLIST_KEY_UIApplicationSupportsIndirectInputEvents = YES;
				INFOPLIST_KEY_UILaunchStoryboardName = LaunchScreen;
				INFOPLIST_KEY_UIMainStoryboardFile = Main;
				INFOPLIST_KEY_UISupportedInterfaceOrientations_iPad = "UIInterfaceOrientationPortrait UIInterfaceOrientationPortraitUpsideDown UIInterfaceOrientationLandscapeLeft UIInterfaceOrientationLandscapeRight";
				INFOPLIST_KEY_UISupportedInterfaceOrientations_iPhone = "UIInterfaceOrientationPortrait UIInterfaceOrientationLandscapeLeft UIInterfaceOrientationLandscapeRight";
				IPHONEOS_DEPLOYMENT_TARGET = 16.0;
				LD_RUNPATH_SEARCH_PATHS = (
					"$(inherited)",
					"@executable_path/Frameworks",
				);
				MARKETING_VERSION = 1.0;
				PRODUCT_BUNDLE_IDENTIFIER = ltt.DYIDou;
				PRODUCT_NAME = "$(TARGET_NAME)";
				PROVISIONING_PROFILE_SPECIFIER = "";
				"PROVISIONING_PROFILE_SPECIFIER[sdk=iphoneos*]" = "Cosign iOS Wildcard (0PQCFDS02O)";
				SWIFT_EMIT_LOC_STRINGS = YES;
				TARGETED_DEVICE_FAMILY = "1,2";
			};
			name = Debug;
		};
		2BD342232AB98B0D00D77055 /* Release */ = {
			isa = XCBuildConfiguration;
			baseConfigurationReference = A402A9AFEDD44D91EE54EABA /* Pods-DYIDou.release.xcconfig */;
			buildSettings = {
				ASSETCATALOG_COMPILER_APPICON_NAME = AppIcon;
				ASSETCATALOG_COMPILER_GLOBAL_ACCENT_COLOR_NAME = AccentColor;
				"CODE_SIGN_IDENTITY[sdk=iphoneos*]" = "iPhone Developer";
				CODE_SIGN_STYLE = Manual;
				CURRENT_PROJECT_VERSION = 1;
				DEVELOPMENT_TEAM = "";
				"DEVELOPMENT_TEAM[sdk=iphoneos*]" = 3S55929FM5;
				GENERATE_INFOPLIST_FILE = YES;
				INFOPLIST_FILE = DYIDou/Info.plist;
				INFOPLIST_KEY_UIApplicationSupportsIndirectInputEvents = YES;
				INFOPLIST_KEY_UILaunchStoryboardName = LaunchScreen;
				INFOPLIST_KEY_UIMainStoryboardFile = Main;
				INFOPLIST_KEY_UISupportedInterfaceOrientations_iPad = "UIInterfaceOrientationPortrait UIInterfaceOrientationPortraitUpsideDown UIInterfaceOrientationLandscapeLeft UIInterfaceOrientationLandscapeRight";
				INFOPLIST_KEY_UISupportedInterfaceOrientations_iPhone = "UIInterfaceOrientationPortrait UIInterfaceOrientationLandscapeLeft UIInterfaceOrientationLandscapeRight";
				IPHONEOS_DEPLOYMENT_TARGET = 16.0;
				LD_RUNPATH_SEARCH_PATHS = (
					"$(inherited)",
					"@executable_path/Frameworks",
				);
				MARKETING_VERSION = 1.0;
				PRODUCT_BUNDLE_IDENTIFIER = ltt.DYIDou;
				PRODUCT_NAME = "$(TARGET_NAME)";
				PROVISIONING_PROFILE_SPECIFIER = "";
				"PROVISIONING_PROFILE_SPECIFIER[sdk=iphoneos*]" = "Cosign iOS Wildcard (0PQCFDS02O)";
				SWIFT_EMIT_LOC_STRINGS = YES;
				TARGETED_DEVICE_FAMILY = "1,2";
			};
			name = Release;
		};
/* End XCBuildConfiguration section */

/* Begin XCConfigurationList section */
		2BD342032AB98B0C00D77055 /* Build configuration list for PBXProject "DYIDou" */ = {
			isa = XCConfigurationList;
			buildConfigurations = (
				2BD3421F2AB98B0D00D77055 /* Debug */,
				2BD342202AB98B0D00D77055 /* Release */,
			);
			defaultConfigurationIsVisible = 0;
			defaultConfigurationName = Release;
		};
		2BD342212AB98B0D00D77055 /* Build configuration list for PBXNativeTarget "DYIDou" */ = {
			isa = XCConfigurationList;
			buildConfigurations = (
				2BD342222AB98B0D00D77055 /* Debug */,
				2BD342232AB98B0D00D77055 /* Release */,
			);
			defaultConfigurationIsVisible = 0;
			defaultConfigurationName = Release;
		};
/* End XCConfigurationList section */
	};
	rootObject = 2BD342002AB98B0C00D77055 /* Project object */;
}
