PODS:
  - LookinServer (1.2.0):
    - LookinServer/Core (= 1.2.0)
  - LookinServer/Core (1.2.0)
  - Masonry (1.1.0)
  - SDWebImage (4.4.8):
    - SDWebImage/Core (= 4.4.8)
  - SDWebImage/Core (4.4.8)

DEPENDENCIES:
  - LookinServer
  - Masonry
  - SDWebImage (~> 4.0)

SPEC REPOS:
  trunk:
    - LookinServer
    - Masonry
    - SDWebImage

SPEC CHECKSUMS:
  LookinServer: ce23c367d54d255209752ff27d05b9afffbb609c
  Masonry: 678fab65091a9290e40e2832a55e7ab731aad201
  SDWebImage: 783af2c3fa36291a250030c4752ee370a9a51d13

PODFILE CHECKSUM: fe1e8bcdf4daa57887af37b3500fb5db5d691c2d

COCOAPODS: 1.12.1
